
Microsoft Visual Studio Solution File, Format Version 12.00
# Visual Studio Version 17
VisualStudioVersion = 17.5.33502.453
MinimumVisualStudioVersion = 10.0.40219.1
Project("{FAE04EC0-301F-11D3-BF4B-00C04F79EFBC}") = "OnCallDeveloperApi", "OnCallDeveloperApi\OnCallDeveloperApi.csproj", "{B18A6EA4-3D95-41BE-A702-2AE6EF0CDC51}"
EndProject
Project("{FAE04EC0-301F-11D3-BF4B-00C04F79EFBC}") = "OnCallDeveloperApi.UnitTests", "OnCallDeveloperApi.UnitTests\OnCallDeveloperApi.UnitTests.csproj", "{1DEAEB5B-BDEB-40ED-B055-CDAB4BDCFFCF}"
EndProject
Project("{FAE04EC0-301F-11D3-BF4B-00C04F79EFBC}") = "OnCallDeveloperApi.AcceptanceTests", "OnCallDeveloperApi.AcceptanceTests\OnCallDeveloperApi.AcceptanceTests.csproj", "{548F8573-E926-4CA7-8C1C-54913F000EE7}"
EndProject
Global
	GlobalSection(SolutionConfigurationPlatforms) = preSolution
		Debug|Any CPU = Debug|Any CPU
		Release|Any CPU = Release|Any CPU
	EndGlobalSection
	GlobalSection(ProjectConfigurationPlatforms) = postSolution
		{B18A6EA4-3D95-41BE-A702-2AE6EF0CDC51}.Debug|Any CPU.ActiveCfg = Debug|Any CPU
		{B18A6EA4-3D95-41BE-A702-2AE6EF0CDC51}.Debug|Any CPU.Build.0 = Debug|Any CPU
		{B18A6EA4-3D95-41BE-A702-2AE6EF0CDC51}.Release|Any CPU.ActiveCfg = Release|Any CPU
		{B18A6EA4-3D95-41BE-A702-2AE6EF0CDC51}.Release|Any CPU.Build.0 = Release|Any CPU
		{1DEAEB5B-BDEB-40ED-B055-CDAB4BDCFFCF}.Debug|Any CPU.ActiveCfg = Debug|Any CPU
		{1DEAEB5B-BDEB-40ED-B055-CDAB4BDCFFCF}.Debug|Any CPU.Build.0 = Debug|Any CPU
		{1DEAEB5B-BDEB-40ED-B055-CDAB4BDCFFCF}.Release|Any CPU.ActiveCfg = Release|Any CPU
		{1DEAEB5B-BDEB-40ED-B055-CDAB4BDCFFCF}.Release|Any CPU.Build.0 = Release|Any CPU
		{548F8573-E926-4CA7-8C1C-54913F000EE7}.Debug|Any CPU.ActiveCfg = Debug|Any CPU
		{548F8573-E926-4CA7-8C1C-54913F000EE7}.Debug|Any CPU.Build.0 = Debug|Any CPU
		{548F8573-E926-4CA7-8C1C-54913F000EE7}.Release|Any CPU.ActiveCfg = Release|Any CPU
		{548F8573-E926-4CA7-8C1C-54913F000EE7}.Release|Any CPU.Build.0 = Release|Any CPU
	EndGlobalSection
	GlobalSection(SolutionProperties) = preSolution
		HideSolutionNode = FALSE
	EndGlobalSection
	GlobalSection(ExtensibilityGlobals) = postSolution
		SolutionGuid = {C19D8D37-EB1E-45AF-A7FB-C38C4A98F10A}
	EndGlobalSection
EndGlobal
